PODS:
  - Alamofire (5.0.0.beta.1)
  - AlbumFolks (0.4):
    - Alamofire (~> 5.0.0.beta.1)
    - DynamicBlurView (~> 2.0)
    - Kingfisher
  - DynamicBlurView (2.0.2)
  - Kingfisher (5.1.0)

DEPENDENCIES:
  - AlbumFolks (from `../`)

SPEC REPOS:
  https://github.com/cocoapods/specs.git:
    - Alamofire
    - DynamicBlurView
    - Kingfisher

EXTERNAL SOURCES:
  AlbumFolks:
    :path: "../"

SPEC CHECKSUMS:
  Alamofire: 2ef6d6c984c5d21c366e9b41a9ae7dfee2b67a44
  AlbumFolks: 4aa51652149a32de849443e8cbe8ce7cc532a0cd
  DynamicBlurView: aa6db4defc6e537eb86fc5e58dd3991666178399
  Kingfisher: fcec238063d17404fca89bf0a850583211c4cbf6

PODFILE CHECKSUM: 548f88faf236060e17142fdea49b3c557f6d0940

COCOAPODS: 1.5.3
