// !$*UTF8*$!
{
	archiveVersion = 1;
	classes = {
	};
	objectVersion = 48;
	objects = {

/* Begin PBXBuildFile section */
		173313512029CC2B00AF34F1 /* GenericHelpers.swift in Sources */ = {isa = PBXBuildFile; fileRef = 173313502029CC2B00AF34F1 /* GenericHelpers.swift */; };
		173313532029CDCA00AF34F1 /* TrackCell.swift in Sources */ = {isa = PBXBuildFile; fileRef = 173313522029CDCA00AF34F1 /* TrackCell.swift */; };
		173A42CD20397D8F0082D1A2 /* UIScrollView.swift in Sources */ = {isa = PBXBuildFile; fileRef = 173A42CC20397D8F0082D1A2 /* UIScrollView.swift */; };
		174F8BB02038D66A0030A76B /* AlbumViewPopulator.swift in Sources */ = {isa = PBXBuildFile; fileRef = 174F8BAF2038D66A0030A76B /* AlbumViewPopulator.swift */; };
		174F8BB22038D67F0030A76B /* TrackViewPopulator.swift in Sources */ = {isa = PBXBuildFile; fileRef = 174F8BB12038D67F0030A76B /* TrackViewPopulator.swift */; };
		1774B1FD20277D780060BB71 /* CoreNetwork.swift in Sources */ = {isa = PBXBuildFile; fileRef = 1774B1FC20277D780060BB71 /* CoreNetwork.swift */; };
		1774B1FF202791360060BB71 /* AlertDialog.swift in Sources */ = {isa = PBXBuildFile; fileRef = 1774B1FE202791360060BB71 /* AlertDialog.swift */; };
		1774B2012027BB410060BB71 /* Track.swift in Sources */ = {isa = PBXBuildFile; fileRef = 1774B2002027BB410060BB71 /* Track.swift */; };
		1774B2042027BEDC0060BB71 /* LastFmImage.swift in Sources */ = {isa = PBXBuildFile; fileRef = 1774B2032027BEDC0060BB71 /* LastFmImage.swift */; };
		1774B2062027BEEB0060BB71 /* Tag.swift in Sources */ = {isa = PBXBuildFile; fileRef = 1774B2052027BEEB0060BB71 /* Tag.swift */; };
		1774B20A2027C55F0060BB71 /* Constants.swift in Sources */ = {isa = PBXBuildFile; fileRef = 1774B2092027C55F0060BB71 /* Constants.swift */; };
		1774B20C2028B6070060BB71 /* PaginatedArtists.swift in Sources */ = {isa = PBXBuildFile; fileRef = 1774B20B2028B6070060BB71 /* PaginatedArtists.swift */; };
		177E5350202BD0FA00218AB0 /* ArtistPopulator.swift in Sources */ = {isa = PBXBuildFile; fileRef = 177E534F202BD0FA00218AB0 /* ArtistPopulator.swift */; };
		177E5358202D0D2600218AB0 /* UIScrollView+InfiniteScroll.m in Sources */ = {isa = PBXBuildFile; fileRef = 177E5357202D0D2600218AB0 /* UIScrollView+InfiniteScroll.m */; };
		178D519F202BAEFC004579B9 /* FileUtils.swift in Sources */ = {isa = PBXBuildFile; fileRef = 178D519E202BAEFC004579B9 /* FileUtils.swift */; };
		178D51A1202BB201004579B9 /* ImageFileUtils.swift in Sources */ = {isa = PBXBuildFile; fileRef = 178D51A0202BB201004579B9 /* ImageFileUtils.swift */; };
		33309AB3DF5FB1E3693E01A9 /* Pods_AlbumFolksUITests.framework in Frameworks */ = {isa = PBXBuildFile; fileRef = ECFA7E81F0F79F13DDDAE36F /* Pods_AlbumFolksUITests.framework */; };
		53467FC349D1E4A2D5879439 /* Pods_AlbumFolksFetcherUITests.framework in Frameworks */ = {isa = PBXBuildFile; fileRef = 8901BE0075A5A35D08A8920A /* Pods_AlbumFolksFetcherUITests.framework */; };
		57D801A42C7789D47E4D71A0 /* Pods_AlbumFolks.framework in Frameworks */ = {isa = PBXBuildFile; fileRef = CC5FA842F59832926313BFBE /* Pods_AlbumFolks.framework */; };
		A09D9AC1204FEDE4006E424E /* LaunchAppTests.swift in Sources */ = {isa = PBXBuildFile; fileRef = A09D9AC0204FEDE4006E424E /* LaunchAppTests.swift */; };
		A09D9AC3204FEE02006E424E /* XCTestCase+Helpers.swift in Sources */ = {isa = PBXBuildFile; fileRef = A09D9AC2204FEE02006E424E /* XCTestCase+Helpers.swift */; };
		A09D9AC5204FF47E006E424E /* XCUIElement+Text.swift in Sources */ = {isa = PBXBuildFile; fileRef = A09D9AC4204FF47E006E424E /* XCUIElement+Text.swift */; };
		D02D3F80204417DC00B18C97 /* ArtistCell.xib in Resources */ = {isa = PBXBuildFile; fileRef = D02D3F7F204417DC00B18C97 /* ArtistCell.xib */; };
		D02D3F8220441A8400B18C97 /* AlbumHeaderCell.swift in Sources */ = {isa = PBXBuildFile; fileRef = D02D3F8120441A8400B18C97 /* AlbumHeaderCell.swift */; };
		D02D3F8420441B5600B18C97 /* ArtistInfoHeaderCell.xib in Resources */ = {isa = PBXBuildFile; fileRef = D02D3F8320441B5600B18C97 /* ArtistInfoHeaderCell.xib */; };
		D05A0375205032220017BB6F /* testAlbumDetail.json in Resources */ = {isa = PBXBuildFile; fileRef = D05A0374205032220017BB6F /* testAlbumDetail.json */; };
		D05A0377205032320017BB6F /* testArtistAlbums.json in Resources */ = {isa = PBXBuildFile; fileRef = D05A0376205032320017BB6F /* testArtistAlbums.json */; };
		D05A0379205032420017BB6F /* testArtistHeading.json in Resources */ = {isa = PBXBuildFile; fileRef = D05A0378205032420017BB6F /* testArtistHeading.json */; };
		D05A037B205032940017BB6F /* DeserializeHelpers.swift in Sources */ = {isa = PBXBuildFile; fileRef = D05A037A205032940017BB6F /* DeserializeHelpers.swift */; };
		D05A037D205032BE0017BB6F /* AlbumVCEntryPointTests.swift in Sources */ = {isa = PBXBuildFile; fileRef = D05A037C205032BE0017BB6F /* AlbumVCEntryPointTests.swift */; };
		D05EB32E202345DC00DC1D34 /* AppDelegate.swift in Sources */ = {isa = PBXBuildFile; fileRef = D05EB32D202345DC00DC1D34 /* AppDelegate.swift */; };
		D05EB330202345DC00DC1D34 /* StoredAlbumsVC.swift in Sources */ = {isa = PBXBuildFile; fileRef = D05EB32F202345DC00DC1D34 /* StoredAlbumsVC.swift */; };
		D05EB333202345DC00DC1D34 /* Main.storyboard in Resources */ = {isa = PBXBuildFile; fileRef = D05EB331202345DC00DC1D34 /* Main.storyboard */; };
		D05EB338202345DC00DC1D34 /* Assets.xcassets in Resources */ = {isa = PBXBuildFile; fileRef = D05EB337202345DC00DC1D34 /* Assets.xcassets */; };
		D05EB33B202345DC00DC1D34 /* LaunchScreen.storyboard in Resources */ = {isa = PBXBuildFile; fileRef = D05EB339202345DC00DC1D34 /* LaunchScreen.storyboard */; };
		D05EB351202345DC00DC1D34 /* ActivateAppTests.swift in Sources */ = {isa = PBXBuildFile; fileRef = D05EB350202345DC00DC1D34 /* ActivateAppTests.swift */; };
		D0FA97462024849A00C75C50 /* SearchArtistsVC.swift in Sources */ = {isa = PBXBuildFile; fileRef = D0FA97452024849A00C75C50 /* SearchArtistsVC.swift */; };
		D0FA974820248CBC00C75C50 /* AlbumCell.xib in Resources */ = {isa = PBXBuildFile; fileRef = D0FA974720248CBC00C75C50 /* AlbumCell.xib */; };
		D0FA974A20248CD600C75C50 /* AlbumCell.swift in Sources */ = {isa = PBXBuildFile; fileRef = D0FA974920248CD600C75C50 /* AlbumCell.swift */; };
		D0FA974C2024ABD900C75C50 /* ArtistCell.swift in Sources */ = {isa = PBXBuildFile; fileRef = D0FA974B2024ABD900C75C50 /* ArtistCell.swift */; };
		D0FA974E2024D67D00C75C50 /* ArtistAlbumsVC.swift in Sources */ = {isa = PBXBuildFile; fileRef = D0FA974D2024D67D00C75C50 /* ArtistAlbumsVC.swift */; };
		D0FA97522024E8DE00C75C50 /* ArtistDetail.swift in Sources */ = {isa = PBXBuildFile; fileRef = D0FA97512024E8DE00C75C50 /* ArtistDetail.swift */; };
		D0FA97542024E91000C75C50 /* AlbumDetail.swift in Sources */ = {isa = PBXBuildFile; fileRef = D0FA97532024E91000C75C50 /* AlbumDetail.swift */; };
		D0FA97562024F40200C75C50 /* ArtistInfoHeaderCell.swift in Sources */ = {isa = PBXBuildFile; fileRef = D0FA97552024F40200C75C50 /* ArtistInfoHeaderCell.swift */; };
		D0FA97592025129400C75C50 /* UILabel.swift in Sources */ = {isa = PBXBuildFile; fileRef = D0FA97582025129400C75C50 /* UILabel.swift */; };
		D0FA975B2025CC4800C75C50 /* String.swift in Sources */ = {isa = PBXBuildFile; fileRef = D0FA975A2025CC4800C75C50 /* String.swift */; };
		D0FA975D2025DAE600C75C50 /* AlbumVC.swift in Sources */ = {isa = PBXBuildFile; fileRef = D0FA975C2025DAE600C75C50 /* AlbumVC.swift */; };
		D0FA975F2025E11400C75C50 /* AlbumVcHeaderView.swift in Sources */ = {isa = PBXBuildFile; fileRef = D0FA975E2025E11400C75C50 /* AlbumVcHeaderView.swift */; };
		D0FA976420262A0900C75C50 /* LoadingAnimation.swift in Sources */ = {isa = PBXBuildFile; fileRef = D0FA976320262A0900C75C50 /* LoadingAnimation.swift */; };
		D0FA97692026326C00C75C50 /* Album.swift in Sources */ = {isa = PBXBuildFile; fileRef = D0FA97682026326C00C75C50 /* Album.swift */; };
		D0FA976B202632AC00C75C50 /* Artist.swift in Sources */ = {isa = PBXBuildFile; fileRef = D0FA976A202632AC00C75C50 /* Artist.swift */; };
		F1225CD1B72FA3AB2CD988D5 /* Pods_AlbumFolksTests.framework in Frameworks */ = {isa = PBXBuildFile; fileRef = 4A5F1CCE0C1EEE8118DC82F4 /* Pods_AlbumFolksTests.framework */; };
/* End PBXBuildFile section */

/* Begin PBXContainerItemProxy section */
		D05A036F205031E80017BB6F /* PBXContainerItemProxy */ = {
			isa = PBXContainerItemProxy;
			containerPortal = D05EB322202345DC00DC1D34 /* Project object */;
			proxyType = 1;
			remoteGlobalIDString = D05EB329202345DC00DC1D34;
			remoteInfo = AlbumFolks;
		};
		D05EB34D202345DC00DC1D34 /* PBXContainerItemProxy */ = {
			isa = PBXContainerItemProxy;
			containerPortal = D05EB322202345DC00DC1D34 /* Project object */;
			proxyType = 1;
			remoteGlobalIDString = D05EB329202345DC00DC1D34;
			remoteInfo = AlbumFolks;
		};
/* End PBXContainerItemProxy section */

/* Begin PBXFileReference section */
		0149B58125952932BAF0434B /* Pods-AlbumFolksUITests.release.xcconfig */ = {isa = PBXFileReference; includeInIndex = 1; lastKnownFileType = text.xcconfig; name = "Pods-AlbumFolksUITests.release.xcconfig"; path = "Pods/Target Support Files/Pods-AlbumFolksUITests/Pods-AlbumFolksUITests.release.xcconfig"; sourceTree = "<group>"; };
		03EF6B83AA03EE00841A2928 /* Pods-AlbumFolksFetcherUITests.release.xcconfig */ = {isa = PBXFileReference; includeInIndex = 1; lastKnownFileType = text.xcconfig; name = "Pods-AlbumFolksFetcherUITests.release.xcconfig"; path = "Pods/Target Support Files/Pods-AlbumFolksFetcherUITests/Pods-AlbumFolksFetcherUITests.release.xcconfig"; sourceTree = "<group>"; };
		173313502029CC2B00AF34F1 /* GenericHelpers.swift */ = {isa = PBXFileReference; lastKnownFileType = sourcecode.swift; path = GenericHelpers.swift; sourceTree = "<group>"; };
		173313522029CDCA00AF34F1 /* TrackCell.swift */ = {isa = PBXFileReference; lastKnownFileType = sourcecode.swift; path = TrackCell.swift; sourceTree = "<group>"; };
		173A42CC20397D8F0082D1A2 /* UIScrollView.swift */ = {isa = PBXFileReference; lastKnownFileType = sourcecode.swift; path = UIScrollView.swift; sourceTree = "<group>"; };
		174F8BAF2038D66A0030A76B /* AlbumViewPopulator.swift */ = {isa = PBXFileReference; lastKnownFileType = sourcecode.swift; path = AlbumViewPopulator.swift; sourceTree = "<group>"; };
		174F8BB12038D67F0030A76B /* TrackViewPopulator.swift */ = {isa = PBXFileReference; lastKnownFileType = sourcecode.swift; path = TrackViewPopulator.swift; sourceTree = "<group>"; };
		1774B1FC20277D780060BB71 /* CoreNetwork.swift */ = {isa = PBXFileReference; lastKnownFileType = sourcecode.swift; path = CoreNetwork.swift; sourceTree = "<group>"; };
		1774B1FE202791360060BB71 /* AlertDialog.swift */ = {isa = PBXFileReference; lastKnownFileType = sourcecode.swift; path = AlertDialog.swift; sourceTree = "<group>"; };
		1774B2002027BB410060BB71 /* Track.swift */ = {isa = PBXFileReference; lastKnownFileType = sourcecode.swift; path = Track.swift; sourceTree = "<group>"; };
		1774B2032027BEDC0060BB71 /* LastFmImage.swift */ = {isa = PBXFileReference; lastKnownFileType = sourcecode.swift; path = LastFmImage.swift; sourceTree = "<group>"; };
		1774B2052027BEEB0060BB71 /* Tag.swift */ = {isa = PBXFileReference; lastKnownFileType = sourcecode.swift; path = Tag.swift; sourceTree = "<group>"; };
		1774B2092027C55F0060BB71 /* Constants.swift */ = {isa = PBXFileReference; lastKnownFileType = sourcecode.swift; path = Constants.swift; sourceTree = "<group>"; };
		1774B20B2028B6070060BB71 /* PaginatedArtists.swift */ = {isa = PBXFileReference; lastKnownFileType = sourcecode.swift; path = PaginatedArtists.swift; sourceTree = "<group>"; };
		177E534F202BD0FA00218AB0 /* ArtistPopulator.swift */ = {isa = PBXFileReference; lastKnownFileType = sourcecode.swift; path = ArtistPopulator.swift; sourceTree = "<group>"; };
		177E5356202D0D2500218AB0 /* AlbumFolks-Bridging-Header.h */ = {isa = PBXFileReference; lastKnownFileType = sourcecode.c.h; path = "AlbumFolks-Bridging-Header.h"; sourceTree = "<group>"; };
		177E5357202D0D2600218AB0 /* UIScrollView+InfiniteScroll.m */ = {isa = PBXFileReference; lastKnownFileType = sourcecode.c.objc; path = "UIScrollView+InfiniteScroll.m"; sourceTree = "<group>"; };
		177E5359202D0D4400218AB0 /* UIScrollView+InfiniteScroll.h */ = {isa = PBXFileReference; lastKnownFileType = sourcecode.c.h; path = "UIScrollView+InfiniteScroll.h"; sourceTree = "<group>"; };
		178D519E202BAEFC004579B9 /* FileUtils.swift */ = {isa = PBXFileReference; lastKnownFileType = sourcecode.swift; path = FileUtils.swift; sourceTree = "<group>"; };
		178D51A0202BB201004579B9 /* ImageFileUtils.swift */ = {isa = PBXFileReference; lastKnownFileType = sourcecode.swift; path = ImageFileUtils.swift; sourceTree = "<group>"; };
		1B3A8F6DCF78B6F5B0CCC8A3 /* Pods-AlbumFolks.release.xcconfig */ = {isa = PBXFileReference; includeInIndex = 1; lastKnownFileType = text.xcconfig; name = "Pods-AlbumFolks.release.xcconfig"; path = "Pods/Target Support Files/Pods-AlbumFolks/Pods-AlbumFolks.release.xcconfig"; sourceTree = "<group>"; };
		3AF0C2CC37DF12EF6DA76BC8 /* EarlGrey.framework */ = {isa = PBXFileReference; lastKnownFileType = wrapper.framework; name = EarlGrey.framework; path = Pods/EarlGrey/EarlGrey/EarlGrey.framework; sourceTree = SOURCE_ROOT; };
		4A5F1CCE0C1EEE8118DC82F4 /* Pods_AlbumFolksTests.framework */ = {isa = PBXFileReference; explicitFileType = wrapper.framework; includeInIndex = 0; path = Pods_AlbumFolksTests.framework; sourceTree = BUILT_PRODUCTS_DIR; };
		4EB9321CA070A70161EFA2F7 /* Pods-AlbumFolks-AlbumFolksEarlGreyTests.debug.xcconfig */ = {isa = PBXFileReference; includeInIndex = 1; lastKnownFileType = text.xcconfig; name = "Pods-AlbumFolks-AlbumFolksEarlGreyTests.debug.xcconfig"; path = "Pods/Target Support Files/Pods-AlbumFolks-AlbumFolksEarlGreyTests/Pods-AlbumFolks-AlbumFolksEarlGreyTests.debug.xcconfig"; sourceTree = "<group>"; };
		5CC7AB2C0F5DA21E4777633D /* Pods-AlbumFolksTests.debug.xcconfig */ = {isa = PBXFileReference; includeInIndex = 1; lastKnownFileType = text.xcconfig; name = "Pods-AlbumFolksTests.debug.xcconfig"; path = "Pods/Target Support Files/Pods-AlbumFolksTests/Pods-AlbumFolksTests.debug.xcconfig"; sourceTree = "<group>"; };
		5ECDD0B77FEB3B46436D1F92 /* Pods-AlbumFolksTests.release.xcconfig */ = {isa = PBXFileReference; includeInIndex = 1; lastKnownFileType = text.xcconfig; name = "Pods-AlbumFolksTests.release.xcconfig"; path = "Pods/Target Support Files/Pods-AlbumFolksTests/Pods-AlbumFolksTests.release.xcconfig"; sourceTree = "<group>"; };
		7246EC5CDCB0F077B43D7219 /* Pods_AlbumFolks_AlbumFolksEarlGreyTests.framework */ = {isa = PBXFileReference; explicitFileType = wrapper.framework; includeInIndex = 0; path = Pods_AlbumFolks_AlbumFolksEarlGreyTests.framework; sourceTree = BUILT_PRODUCTS_DIR; };
		8901BE0075A5A35D08A8920A /* Pods_AlbumFolksFetcherUITests.framework */ = {isa = PBXFileReference; explicitFileType = wrapper.framework; includeInIndex = 0; path = Pods_AlbumFolksFetcherUITests.framework; sourceTree = BUILT_PRODUCTS_DIR; };
		A09D9AC0204FEDE4006E424E /* LaunchAppTests.swift */ = {isa = PBXFileReference; lastKnownFileType = sourcecode.swift; path = LaunchAppTests.swift; sourceTree = "<group>"; };
		A09D9AC2204FEE02006E424E /* XCTestCase+Helpers.swift */ = {isa = PBXFileReference; lastKnownFileType = sourcecode.swift; path = "XCTestCase+Helpers.swift"; sourceTree = "<group>"; };
		A09D9AC4204FF47E006E424E /* XCUIElement+Text.swift */ = {isa = PBXFileReference; lastKnownFileType = sourcecode.swift; path = "XCUIElement+Text.swift"; sourceTree = "<group>"; };
		A5CE61EC548C7672B33214F2 /* Pods-AlbumFolks.debug.xcconfig */ = {isa = PBXFileReference; includeInIndex = 1; lastKnownFileType = text.xcconfig; name = "Pods-AlbumFolks.debug.xcconfig"; path = "Pods/Target Support Files/Pods-AlbumFolks/Pods-AlbumFolks.debug.xcconfig"; sourceTree = "<group>"; };
		B918F31880C034E38DA467F1 /* Pods-AlbumFolksFetcherUITests.debug.xcconfig */ = {isa = PBXFileReference; includeInIndex = 1; lastKnownFileType = text.xcconfig; name = "Pods-AlbumFolksFetcherUITests.debug.xcconfig"; path = "Pods/Target Support Files/Pods-AlbumFolksFetcherUITests/Pods-AlbumFolksFetcherUITests.debug.xcconfig"; sourceTree = "<group>"; };
		CC5FA842F59832926313BFBE /* Pods_AlbumFolks.framework */ = {isa = PBXFileReference; explicitFileType = wrapper.framework; includeInIndex = 0; path = Pods_AlbumFolks.framework; sourceTree = BUILT_PRODUCTS_DIR; };
		D02D3F7F204417DC00B18C97 /* ArtistCell.xib */ = {isa = PBXFileReference; lastKnownFileType = file.xib; path = ArtistCell.xib; sourceTree = "<group>"; };
		D02D3F8120441A8400B18C97 /* AlbumHeaderCell.swift */ = {isa = PBXFileReference; lastKnownFileType = sourcecode.swift; path = AlbumHeaderCell.swift; sourceTree = "<group>"; };
		D02D3F8320441B5600B18C97 /* ArtistInfoHeaderCell.xib */ = {isa = PBXFileReference; lastKnownFileType = file.xib; path = ArtistInfoHeaderCell.xib; sourceTree = "<group>"; };
		D05A036A205031E80017BB6F /* AlbumFolksTests.xctest */ = {isa = PBXFileReference; explicitFileType = wrapper.cfbundle; includeInIndex = 0; path = AlbumFolksTests.xctest; sourceTree = BUILT_PRODUCTS_DIR; };
		D05A036E205031E80017BB6F /* Info.plist */ = {isa = PBXFileReference; lastKnownFileType = text.plist.xml; path = Info.plist; sourceTree = "<group>"; };
		D05A0374205032220017BB6F /* testAlbumDetail.json */ = {isa = PBXFileReference; lastKnownFileType = text.json; path = testAlbumDetail.json; sourceTree = "<group>"; };
		D05A0376205032320017BB6F /* testArtistAlbums.json */ = {isa = PBXFileReference; lastKnownFileType = text.json; path = testArtistAlbums.json; sourceTree = "<group>"; };
		D05A0378205032420017BB6F /* testArtistHeading.json */ = {isa = PBXFileReference; lastKnownFileType = text.json; path = testArtistHeading.json; sourceTree = "<group>"; };
		D05A037A205032940017BB6F /* DeserializeHelpers.swift */ = {isa = PBXFileReference; lastKnownFileType = sourcecode.swift; path = DeserializeHelpers.swift; sourceTree = "<group>"; };
		D05A037C205032BE0017BB6F /* AlbumVCEntryPointTests.swift */ = {isa = PBXFileReference; lastKnownFileType = sourcecode.swift; path = AlbumVCEntryPointTests.swift; sourceTree = "<group>"; };
		D05EB32A202345DC00DC1D34 /* AlbumFolks.app */ = {isa = PBXFileReference; explicitFileType = wrapper.application; includeInIndex = 0; path = AlbumFolks.app; sourceTree = BUILT_PRODUCTS_DIR; };
		D05EB32D202345DC00DC1D34 /* AppDelegate.swift */ = {isa = PBXFileReference; lastKnownFileType = sourcecode.swift; path = AppDelegate.swift; sourceTree = "<group>"; };
		D05EB32F202345DC00DC1D34 /* StoredAlbumsVC.swift */ = {isa = PBXFileReference; lastKnownFileType = sourcecode.swift; path = StoredAlbumsVC.swift; sourceTree = "<group>"; };
		D05EB332202345DC00DC1D34 /* Base */ = {isa = PBXFileReference; lastKnownFileType = file.storyboard; name = Base; path = Base.lproj/Main.storyboard; sourceTree = "<group>"; };
		D05EB337202345DC00DC1D34 /* Assets.xcassets */ = {isa = PBXFileReference; lastKnownFileType = folder.assetcatalog; path = Assets.xcassets; sourceTree = "<group>"; };
		D05EB33A202345DC00DC1D34 /* Base */ = {isa = PBXFileReference; lastKnownFileType = file.storyboard; name = Base; path = Base.lproj/LaunchScreen.storyboard; sourceTree = "<group>"; };
		D05EB33C202345DC00DC1D34 /* Info.plist */ = {isa = PBXFileReference; lastKnownFileType = text.plist.xml; path = Info.plist; sourceTree = "<group>"; };
		D05EB34C202345DC00DC1D34 /* AlbumFolksFetcherUITests.xctest */ = {isa = PBXFileReference; explicitFileType = wrapper.cfbundle; includeInIndex = 0; path = AlbumFolksFetcherUITests.xctest; sourceTree = BUILT_PRODUCTS_DIR; };
		D05EB350202345DC00DC1D34 /* ActivateAppTests.swift */ = {isa = PBXFileReference; lastKnownFileType = sourcecode.swift; path = ActivateAppTests.swift; sourceTree = "<group>"; };
		D05EB352202345DC00DC1D34 /* Info.plist */ = {isa = PBXFileReference; lastKnownFileType = text.plist.xml; path = Info.plist; sourceTree = "<group>"; };
		D0BD4CE120513B3A006F84C0 /* AlbumFolksEarlGreyTests.swift */ = {isa = PBXFileReference; lastKnownFileType = sourcecode.swift; path = AlbumFolksEarlGreyTests.swift; sourceTree = "<group>"; };
		D0BD4CE320513B3A006F84C0 /* Info.plist */ = {isa = PBXFileReference; lastKnownFileType = text.plist.xml; path = Info.plist; sourceTree = "<group>"; };
		D0FA97452024849A00C75C50 /* SearchArtistsVC.swift */ = {isa = PBXFileReference; lastKnownFileType = sourcecode.swift; path = SearchArtistsVC.swift; sourceTree = "<group>"; };
		D0FA974720248CBC00C75C50 /* AlbumCell.xib */ = {isa = PBXFileReference; lastKnownFileType = file.xib; path = AlbumCell.xib; sourceTree = "<group>"; };
		D0FA974920248CD600C75C50 /* AlbumCell.swift */ = {isa = PBXFileReference; lastKnownFileType = sourcecode.swift; path = AlbumCell.swift; sourceTree = "<group>"; };
		D0FA974B2024ABD900C75C50 /* ArtistCell.swift */ = {isa = PBXFileReference; lastKnownFileType = sourcecode.swift; path = ArtistCell.swift; sourceTree = "<group>"; };
		D0FA974D2024D67D00C75C50 /* ArtistAlbumsVC.swift */ = {isa = PBXFileReference; lastKnownFileType = sourcecode.swift; path = ArtistAlbumsVC.swift; sourceTree = "<group>"; };
		D0FA97512024E8DE00C75C50 /* ArtistDetail.swift */ = {isa = PBXFileReference; lastKnownFileType = sourcecode.swift; path = ArtistDetail.swift; sourceTree = "<group>"; };
		D0FA97532024E91000C75C50 /* AlbumDetail.swift */ = {isa = PBXFileReference; lastKnownFileType = sourcecode.swift; path = AlbumDetail.swift; sourceTree = "<group>"; };
		D0FA97552024F40200C75C50 /* ArtistInfoHeaderCell.swift */ = {isa = PBXFileReference; lastKnownFileType = sourcecode.swift; path = ArtistInfoHeaderCell.swift; sourceTree = "<group>"; };
		D0FA97582025129400C75C50 /* UILabel.swift */ = {isa = PBXFileReference; lastKnownFileType = sourcecode.swift; path = UILabel.swift; sourceTree = "<group>"; };
		D0FA975A2025CC4800C75C50 /* String.swift */ = {isa = PBXFileReference; lastKnownFileType = sourcecode.swift; path = String.swift; sourceTree = "<group>"; };
		D0FA975C2025DAE600C75C50 /* AlbumVC.swift */ = {isa = PBXFileReference; lastKnownFileType = sourcecode.swift; path = AlbumVC.swift; sourceTree = "<group>"; };
		D0FA975E2025E11400C75C50 /* AlbumVcHeaderView.swift */ = {isa = PBXFileReference; lastKnownFileType = sourcecode.swift; path = AlbumVcHeaderView.swift; sourceTree = "<group>"; };
		D0FA976320262A0900C75C50 /* LoadingAnimation.swift */ = {isa = PBXFileReference; lastKnownFileType = sourcecode.swift; path = LoadingAnimation.swift; sourceTree = "<group>"; };
		D0FA97682026326C00C75C50 /* Album.swift */ = {isa = PBXFileReference; lastKnownFileType = sourcecode.swift; path = Album.swift; sourceTree = "<group>"; };
		D0FA976A202632AC00C75C50 /* Artist.swift */ = {isa = PBXFileReference; lastKnownFileType = sourcecode.swift; path = Artist.swift; sourceTree = "<group>"; };
		D349078E947A71F166F7438B /* EarlGrey.swift */ = {isa = PBXFileReference; includeInIndex = 1; lastKnownFileType = sourcecode.swift; path = EarlGrey.swift; sourceTree = "<group>"; };
		D3DA72FDDB35D5F00FD69A4D /* Pods-AlbumFolks-AlbumFolksEarlGreyTests.release.xcconfig */ = {isa = PBXFileReference; includeInIndex = 1; lastKnownFileType = text.xcconfig; name = "Pods-AlbumFolks-AlbumFolksEarlGreyTests.release.xcconfig"; path = "Pods/Target Support Files/Pods-AlbumFolks-AlbumFolksEarlGreyTests/Pods-AlbumFolks-AlbumFolksEarlGreyTests.release.xcconfig"; sourceTree = "<group>"; };
		D49590D411AF805E80EB8AC3 /* Pods-AlbumFolksUITests.debug.xcconfig */ = {isa = PBXFileReference; includeInIndex = 1; lastKnownFileType = text.xcconfig; name = "Pods-AlbumFolksUITests.debug.xcconfig"; path = "Pods/Target Support Files/Pods-AlbumFolksUITests/Pods-AlbumFolksUITests.debug.xcconfig"; sourceTree = "<group>"; };
		ECFA7E81F0F79F13DDDAE36F /* Pods_AlbumFolksUITests.framework */ = {isa = PBXFileReference; explicitFileType = wrapper.framework; includeInIndex = 0; path = Pods_AlbumFolksUITests.framework; sourceTree = BUILT_PRODUCTS_DIR; };
/* End PBXFileReference section */

/* Begin PBXFrameworksBuildPhase section */
		D05A0367205031E80017BB6F /* Frameworks */ = {
			isa = PBXFrameworksBuildPhase;
			buildActionMask = 2147483647;
			files = (
				F1225CD1B72FA3AB2CD988D5 /* Pods_AlbumFolksTests.framework in Frameworks */,
			);
			runOnlyForDeploymentPostprocessing = 0;
		};
		D05EB327202345DC00DC1D34 /* Frameworks */ = {
			isa = PBXFrameworksBuildPhase;
			buildActionMask = 2147483647;
			files = (
				57D801A42C7789D47E4D71A0 /* Pods_AlbumFolks.framework in Frameworks */,
			);
			runOnlyForDeploymentPostprocessing = 0;
		};
		D05EB349202345DC00DC1D34 /* Frameworks */ = {
			isa = PBXFrameworksBuildPhase;
			buildActionMask = 2147483647;
			files = (
				33309AB3DF5FB1E3693E01A9 /* Pods_AlbumFolksUITests.framework in Frameworks */,
				53467FC349D1E4A2D5879439 /* Pods_AlbumFolksFetcherUITests.framework in Frameworks */,
			);
			runOnlyForDeploymentPostprocessing = 0;
		};
/* End PBXFrameworksBuildPhase section */

/* Begin PBXGroup section */
		174F8BAE2038D6530030A76B /* populators */ = {
			isa = PBXGroup;
			children = (
				174F8BAF2038D66A0030A76B /* AlbumViewPopulator.swift */,
				174F8BB12038D67F0030A76B /* TrackViewPopulator.swift */,
			);
			path = populators;
			sourceTree = "<group>";
		};
		1774B2022027BEB30060BB71 /* supplementary */ = {
			isa = PBXGroup;
			children = (
				177E534F202BD0FA00218AB0 /* ArtistPopulator.swift */,
				1774B2032027BEDC0060BB71 /* LastFmImage.swift */,
				1774B2052027BEEB0060BB71 /* Tag.swift */,
				1774B20B2028B6070060BB71 /* PaginatedArtists.swift */,
			);
			path = supplementary;
			sourceTree = "<group>";
		};
		1774B2082027C54D0060BB71 /* static */ = {
			isa = PBXGroup;
			children = (
				1774B2092027C55F0060BB71 /* Constants.swift */,
			);
			path = static;
			sourceTree = "<group>";
		};
		177E5355202D0CE200218AB0 /* external */ = {
			isa = PBXGroup;
			children = (
				177E5357202D0D2600218AB0 /* UIScrollView+InfiniteScroll.m */,
				177E5356202D0D2500218AB0 /* AlbumFolks-Bridging-Header.h */,
				177E5359202D0D4400218AB0 /* UIScrollView+InfiniteScroll.h */,
			);
			path = external;
			sourceTree = "<group>";
		};
		2B9264F3E01D791A3EA7300C /* Frameworks */ = {
			isa = PBXGroup;
			children = (
				CC5FA842F59832926313BFBE /* Pods_AlbumFolks.framework */,
				4A5F1CCE0C1EEE8118DC82F4 /* Pods_AlbumFolksTests.framework */,
				ECFA7E81F0F79F13DDDAE36F /* Pods_AlbumFolksUITests.framework */,
				3AF0C2CC37DF12EF6DA76BC8 /* EarlGrey.framework */,
				7246EC5CDCB0F077B43D7219 /* Pods_AlbumFolks_AlbumFolksEarlGreyTests.framework */,
				8901BE0075A5A35D08A8920A /* Pods_AlbumFolksFetcherUITests.framework */,
			);
			name = Frameworks;
			sourceTree = "<group>";
		};
		4801B1CD97DF8C3C911103E5 /* Pods */ = {
			isa = PBXGroup;
			children = (
				A5CE61EC548C7672B33214F2 /* Pods-AlbumFolks.debug.xcconfig */,
				1B3A8F6DCF78B6F5B0CCC8A3 /* Pods-AlbumFolks.release.xcconfig */,
				5CC7AB2C0F5DA21E4777633D /* Pods-AlbumFolksTests.debug.xcconfig */,
				5ECDD0B77FEB3B46436D1F92 /* Pods-AlbumFolksTests.release.xcconfig */,
				D49590D411AF805E80EB8AC3 /* Pods-AlbumFolksUITests.debug.xcconfig */,
				0149B58125952932BAF0434B /* Pods-AlbumFolksUITests.release.xcconfig */,
				4EB9321CA070A70161EFA2F7 /* Pods-AlbumFolks-AlbumFolksEarlGreyTests.debug.xcconfig */,
				D3DA72FDDB35D5F00FD69A4D /* Pods-AlbumFolks-AlbumFolksEarlGreyTests.release.xcconfig */,
				B918F31880C034E38DA467F1 /* Pods-AlbumFolksFetcherUITests.debug.xcconfig */,
				03EF6B83AA03EE00841A2928 /* Pods-AlbumFolksFetcherUITests.release.xcconfig */,
			);
			name = Pods;
			sourceTree = "<group>";
		};
		D05A036B205031E80017BB6F /* AlbumFolksTests */ = {
			isa = PBXGroup;
			children = (
				D05A036E205031E80017BB6F /* Info.plist */,
				D05A0374205032220017BB6F /* testAlbumDetail.json */,
				D05A0376205032320017BB6F /* testArtistAlbums.json */,
				D05A0378205032420017BB6F /* testArtistHeading.json */,
				D05A037A205032940017BB6F /* DeserializeHelpers.swift */,
				D05A037C205032BE0017BB6F /* AlbumVCEntryPointTests.swift */,
			);
			path = AlbumFolksTests;
			sourceTree = "<group>";
		};
		D05EB321202345DC00DC1D34 = {
			isa = PBXGroup;
			children = (
				D05EB32C202345DC00DC1D34 /* AlbumFolks */,
				D05EB34F202345DC00DC1D34 /* AlbumFolksUITests */,
				D05A036B205031E80017BB6F /* AlbumFolksTests */,
				D0BD4CE020513B3A006F84C0 /* AlbumFolksEarlGreyTests */,
				D05EB32B202345DC00DC1D34 /* Products */,
				4801B1CD97DF8C3C911103E5 /* Pods */,
				2B9264F3E01D791A3EA7300C /* Frameworks */,
			);
			sourceTree = "<group>";
		};
		D05EB32B202345DC00DC1D34 /* Products */ = {
			isa = PBXGroup;
			children = (
				D05EB32A202345DC00DC1D34 /* AlbumFolks.app */,
				D05EB34C202345DC00DC1D34 /* AlbumFolksFetcherUITests.xctest */,
				D05A036A205031E80017BB6F /* AlbumFolksTests.xctest */,
			);
			name = Products;
			sourceTree = "<group>";
		};
		D05EB32C202345DC00DC1D34 /* AlbumFolks */ = {
			isa = PBXGroup;
			children = (
				177E5355202D0CE200218AB0 /* external */,
				1774B2082027C54D0060BB71 /* static */,
				D0FA97662026322800C75C50 /* views */,
				D0FA97652026320600C75C50 /* models */,
				D0FA9762202629D000C75C50 /* helpers */,
				D0FA97572025128400C75C50 /* extensions */,
				D05EB32D202345DC00DC1D34 /* AppDelegate.swift */,
				D05EB32F202345DC00DC1D34 /* StoredAlbumsVC.swift */,
				D0FA974D2024D67D00C75C50 /* ArtistAlbumsVC.swift */,
				D0FA97452024849A00C75C50 /* SearchArtistsVC.swift */,
				D0FA975C2025DAE600C75C50 /* AlbumVC.swift */,
				D05EB331202345DC00DC1D34 /* Main.storyboard */,
				D05EB337202345DC00DC1D34 /* Assets.xcassets */,
				D05EB339202345DC00DC1D34 /* LaunchScreen.storyboard */,
				D05EB33C202345DC00DC1D34 /* Info.plist */,
			);
			path = AlbumFolks;
			sourceTree = "<group>";
		};
		D05EB34F202345DC00DC1D34 /* AlbumFolksUITests */ = {
			isa = PBXGroup;
			children = (
				D05EB350202345DC00DC1D34 /* ActivateAppTests.swift */,
				D05EB352202345DC00DC1D34 /* Info.plist */,
				A09D9AC0204FEDE4006E424E /* LaunchAppTests.swift */,
				A09D9AC2204FEE02006E424E /* XCTestCase+Helpers.swift */,
				A09D9AC4204FF47E006E424E /* XCUIElement+Text.swift */,
			);
			path = AlbumFolksUITests;
			sourceTree = "<group>";
		};
		D0BD4CE020513B3A006F84C0 /* AlbumFolksEarlGreyTests */ = {
			isa = PBXGroup;
			children = (
				D0BD4CE120513B3A006F84C0 /* AlbumFolksEarlGreyTests.swift */,
				D0BD4CE320513B3A006F84C0 /* Info.plist */,
				D349078E947A71F166F7438B /* EarlGrey.swift */,
			);
			path = AlbumFolksEarlGreyTests;
			sourceTree = "<group>";
		};
		D0FA97572025128400C75C50 /* extensions */ = {
			isa = PBXGroup;
			children = (
				D0FA97582025129400C75C50 /* UILabel.swift */,
				D0FA975A2025CC4800C75C50 /* String.swift */,
				173A42CC20397D8F0082D1A2 /* UIScrollView.swift */,
			);
			path = extensions;
			sourceTree = "<group>";
		};
		D0FA9762202629D000C75C50 /* helpers */ = {
			isa = PBXGroup;
			children = (
				D0FA976320262A0900C75C50 /* LoadingAnimation.swift */,
				1774B1FC20277D780060BB71 /* CoreNetwork.swift */,
				1774B1FE202791360060BB71 /* AlertDialog.swift */,
				173313502029CC2B00AF34F1 /* GenericHelpers.swift */,
				178D519E202BAEFC004579B9 /* FileUtils.swift */,
				178D51A0202BB201004579B9 /* ImageFileUtils.swift */,
			);
			path = helpers;
			sourceTree = "<group>";
		};
		D0FA97652026320600C75C50 /* models */ = {
			isa = PBXGroup;
			children = (
				1774B2022027BEB30060BB71 /* supplementary */,
				D0FA97512024E8DE00C75C50 /* ArtistDetail.swift */,
				D0FA97532024E91000C75C50 /* AlbumDetail.swift */,
				D0FA97682026326C00C75C50 /* Album.swift */,
				D0FA976A202632AC00C75C50 /* Artist.swift */,
				1774B2002027BB410060BB71 /* Track.swift */,
			);
			path = models;
			sourceTree = "<group>";
		};
		D0FA97662026322800C75C50 /* views */ = {
			isa = PBXGroup;
			children = (
				174F8BAE2038D6530030A76B /* populators */,
				D02D3F7F204417DC00B18C97 /* ArtistCell.xib */,
				D0FA974720248CBC00C75C50 /* AlbumCell.xib */,
				D02D3F8320441B5600B18C97 /* ArtistInfoHeaderCell.xib */,
				D0FA974B2024ABD900C75C50 /* ArtistCell.swift */,
				D0FA974920248CD600C75C50 /* AlbumCell.swift */,
				D0FA97552024F40200C75C50 /* ArtistInfoHeaderCell.swift */,
				D0FA975E2025E11400C75C50 /* AlbumVcHeaderView.swift */,
				173313522029CDCA00AF34F1 /* TrackCell.swift */,
				D02D3F8120441A8400B18C97 /* AlbumHeaderCell.swift */,
			);
			path = views;
			sourceTree = "<group>";
		};
/* End PBXGroup section */

/* Begin PBXNativeTarget section */
		D05A0369205031E80017BB6F /* AlbumFolksTests */ = {
			isa = PBXNativeTarget;
			buildConfigurationList = D05A0371205031E80017BB6F /* Build configuration list for PBXNativeTarget "AlbumFolksTests" */;
			buildPhases = (
				6E822DC1AFB737CCF08BB958 /* [CP] Check Pods Manifest.lock */,
				D05A0366205031E80017BB6F /* Sources */,
				D05A0367205031E80017BB6F /* Frameworks */,
				D05A0368205031E80017BB6F /* Resources */,
				8344AC5EB865BE92CBAFBEFD /* [CP] Embed Pods Frameworks */,
				0E9C244E0D4953B6E05EFD2F /* [CP] Copy Pods Resources */,
			);
			buildRules = (
			);
			dependencies = (
				D05A0370205031E80017BB6F /* PBXTargetDependency */,
			);
			name = AlbumFolksTests;
			productName = AlbumFolksTests;
			productReference = D05A036A205031E80017BB6F /* AlbumFolksTests.xctest */;
			productType = "com.apple.product-type.bundle.unit-test";
		};
		D05EB329202345DC00DC1D34 /* AlbumFolks */ = {
			isa = PBXNativeTarget;
			buildConfigurationList = D05EB355202345DC00DC1D34 /* Build configuration list for PBXNativeTarget "AlbumFolks" */;
			buildPhases = (
				ED4F1CFDB9E533D7D2076BE7 /* [CP] Check Pods Manifest.lock */,
				D05EB326202345DC00DC1D34 /* Sources */,
				D05EB327202345DC00DC1D34 /* Frameworks */,
				D05EB328202345DC00DC1D34 /* Resources */,
				EC2B790DD75D221329C221DA /* [CP] Embed Pods Frameworks */,
				A07AFF99182E7BB17398AFF4 /* [CP] Copy Pods Resources */,
			);
			buildRules = (
			);
			dependencies = (
			);
			name = AlbumFolks;
			productName = AlbumFolks;
			productReference = D05EB32A202345DC00DC1D34 /* AlbumFolks.app */;
			productType = "com.apple.product-type.application";
		};
		D05EB34B202345DC00DC1D34 /* AlbumFolksFetcherUITests */ = {
			isa = PBXNativeTarget;
			buildConfigurationList = D05EB35B202345DC00DC1D34 /* Build configuration list for PBXNativeTarget "AlbumFolksFetcherUITests" */;
			buildPhases = (
				6A8E114645F5B99A1BC5450A /* [CP] Check Pods Manifest.lock */,
				D05EB348202345DC00DC1D34 /* Sources */,
				D05EB349202345DC00DC1D34 /* Frameworks */,
				D05EB34A202345DC00DC1D34 /* Resources */,
				C8DE21AA4DC056242C619A5A /* [CP] Embed Pods Frameworks */,
				A4C390DF38A7282D33739331 /* [CP] Copy Pods Resources */,
			);
			buildRules = (
			);
			dependencies = (
				D05EB34E202345DC00DC1D34 /* PBXTargetDependency */,
			);
			name = AlbumFolksFetcherUITests;
			productName = AlbumFolksUITests;
			productReference = D05EB34C202345DC00DC1D34 /* AlbumFolksFetcherUITests.xctest */;
			productType = "com.apple.product-type.bundle.ui-testing";
		};
/* End PBXNativeTarget section */

/* Begin PBXProject section */
		D05EB322202345DC00DC1D34 /* Project object */ = {
			isa = PBXProject;
			attributes = {
				LastSwiftUpdateCheck = 0920;
				LastUpgradeCheck = 0920;
				ORGANIZATIONNAME = carlosmouracorreia;
				TargetAttributes = {
					D05A0369205031E80017BB6F = {
						CreatedOnToolsVersion = 9.2;
						ProvisioningStyle = Automatic;
						TestTargetID = D05EB329202345DC00DC1D34;
					};
					D05EB329202345DC00DC1D34 = {
						CreatedOnToolsVersion = 9.2;
						LastSwiftMigration = 0910;
						ProvisioningStyle = Automatic;
					};
					D05EB34B202345DC00DC1D34 = {
						CreatedOnToolsVersion = 9.2;
						ProvisioningStyle = Automatic;
						TestTargetID = D05EB329202345DC00DC1D34;
					};
				};
			};
			buildConfigurationList = D05EB325202345DC00DC1D34 /* Build configuration list for PBXProject "AlbumFolks" */;
			compatibilityVersion = "Xcode 8.0";
			developmentRegion = en;
			hasScannedForEncodings = 0;
			knownRegions = (
				en,
				Base,
			);
			mainGroup = D05EB321202345DC00DC1D34;
			productRefGroup = D05EB32B202345DC00DC1D34 /* Products */;
			projectDirPath = "";
			projectRoot = "";
			targets = (
				D05EB329202345DC00DC1D34 /* AlbumFolks */,
				D05EB34B202345DC00DC1D34 /* AlbumFolksFetcherUITests */,
				D05A0369205031E80017BB6F /* AlbumFolksTests */,
			);
		};
/* End PBXProject section */

/* Begin PBXResourcesBuildPhase section */
		D05A0368205031E80017BB6F /* Resources */ = {
			isa = PBXResourcesBuildPhase;
			buildActionMask = 2147483647;
			files = (
				D05A0377205032320017BB6F /* testArtistAlbums.json in Resources */,
				D05A0375205032220017BB6F /* testAlbumDetail.json in Resources */,
				D05A0379205032420017BB6F /* testArtistHeading.json in Resources */,
			);
			runOnlyForDeploymentPostprocessing = 0;
		};
		D05EB328202345DC00DC1D34 /* Resources */ = {
			isa = PBXResourcesBuildPhase;
			buildActionMask = 2147483647;
			files = (
				D05EB33B202345DC00DC1D34 /* LaunchScreen.storyboard in Resources */,
				D05EB338202345DC00DC1D34 /* Assets.xcassets in Resources */,
				D02D3F80204417DC00B18C97 /* ArtistCell.xib in Resources */,
				D02D3F8420441B5600B18C97 /* ArtistInfoHeaderCell.xib in Resources */,
				D05EB333202345DC00DC1D34 /* Main.storyboard in Resources */,
				D0FA974820248CBC00C75C50 /* AlbumCell.xib in Resources */,
			);
			runOnlyForDeploymentPostprocessing = 0;
		};
		D05EB34A202345DC00DC1D34 /* Resources */ = {
			isa = PBXResourcesBuildPhase;
			buildActionMask = 2147483647;
			files = (
			);
			runOnlyForDeploymentPostprocessing = 0;
		};
/* End PBXResourcesBuildPhase section */

/* Begin PBXShellScriptBuildPhase section */
		0E9C244E0D4953B6E05EFD2F /* [CP] Copy Pods Resources */ = {
			isa = PBXShellScriptBuildPhase;
			buildActionMask = 2147483647;
			files = (
			);
			inputPaths = (
			);
			name = "[CP] Copy Pods Resources";
			outputPaths = (
			);
			runOnlyForDeploymentPostprocessing = 0;
			shellPath = /bin/sh;
			shellScript = "\"${SRCROOT}/Pods/Target Support Files/Pods-AlbumFolksTests/Pods-AlbumFolksTests-resources.sh\"\n";
			showEnvVarsInLog = 0;
		};
		6A8E114645F5B99A1BC5450A /* [CP] Check Pods Manifest.lock */ = {
			isa = PBXShellScriptBuildPhase;
			buildActionMask = 2147483647;
			files = (
			);
			inputPaths = (
				"${PODS_PODFILE_DIR_PATH}/Podfile.lock",
				"${PODS_ROOT}/Manifest.lock",
			);
			name = "[CP] Check Pods Manifest.lock";
			outputPaths = (
				"$(DERIVED_FILE_DIR)/Pods-AlbumFolksFetcherUITests-checkManifestLockResult.txt",
			);
			runOnlyForDeploymentPostprocessing = 0;
			shellPath = /bin/sh;
			shellScript = "diff \"${PODS_PODFILE_DIR_PATH}/Podfile.lock\" \"${PODS_ROOT}/Manifest.lock\" > /dev/null\nif [ $? != 0 ] ; then\n    # print error to STDERR\n    echo \"error: The sandbox is not in sync with the Podfile.lock. Run 'pod install' or update your CocoaPods installation.\" >&2\n    exit 1\nfi\n# This output is used by Xcode 'outputs' to avoid re-running this script phase.\necho \"SUCCESS\" > \"${SCRIPT_OUTPUT_FILE_0}\"\n";
			showEnvVarsInLog = 0;
		};
		6E822DC1AFB737CCF08BB958 /* [CP] Check Pods Manifest.lock */ = {
			isa = PBXShellScriptBuildPhase;
			buildActionMask = 2147483647;
			files = (
			);
			inputPaths = (
				"${PODS_PODFILE_DIR_PATH}/Podfile.lock",
				"${PODS_ROOT}/Manifest.lock",
			);
			name = "[CP] Check Pods Manifest.lock";
			outputPaths = (
				"$(DERIVED_FILE_DIR)/Pods-AlbumFolksTests-checkManifestLockResult.txt",
			);
			runOnlyForDeploymentPostprocessing = 0;
			shellPath = /bin/sh;
			shellScript = "diff \"${PODS_PODFILE_DIR_PATH}/Podfile.lock\" \"${PODS_ROOT}/Manifest.lock\" > /dev/null\nif [ $? != 0 ] ; then\n    # print error to STDERR\n    echo \"error: The sandbox is not in sync with the Podfile.lock. Run 'pod install' or update your CocoaPods installation.\" >&2\n    exit 1\nfi\n# This output is used by Xcode 'outputs' to avoid re-running this script phase.\necho \"SUCCESS\" > \"${SCRIPT_OUTPUT_FILE_0}\"\n";
			showEnvVarsInLog = 0;
		};
		8344AC5EB865BE92CBAFBEFD /* [CP] Embed Pods Frameworks */ = {
			isa = PBXShellScriptBuildPhase;
			buildActionMask = 2147483647;
			files = (
			);
			inputPaths = (
				"${SRCROOT}/Pods/Target Support Files/Pods-AlbumFolksTests/Pods-AlbumFolksTests-frameworks.sh",
				"${BUILT_PRODUCTS_DIR}/ObjectMapper/ObjectMapper.framework",
			);
			name = "[CP] Embed Pods Frameworks";
			outputPaths = (
				"${TARGET_BUILD_DIR}/${FRAMEWORKS_FOLDER_PATH}/ObjectMapper.framework",
			);
			runOnlyForDeploymentPostprocessing = 0;
			shellPath = /bin/sh;
			shellScript = "\"${SRCROOT}/Pods/Target Support Files/Pods-AlbumFolksTests/Pods-AlbumFolksTests-frameworks.sh\"\n";
			showEnvVarsInLog = 0;
		};
		A07AFF99182E7BB17398AFF4 /* [CP] Copy Pods Resources */ = {
			isa = PBXShellScriptBuildPhase;
			buildActionMask = 2147483647;
			files = (
			);
			inputPaths = (
			);
			name = "[CP] Copy Pods Resources";
			outputPaths = (
			);
			runOnlyForDeploymentPostprocessing = 0;
			shellPath = /bin/sh;
			shellScript = "\"${SRCROOT}/Pods/Target Support Files/Pods-AlbumFolks/Pods-AlbumFolks-resources.sh\"\n";
			showEnvVarsInLog = 0;
		};
		A4C390DF38A7282D33739331 /* [CP] Copy Pods Resources */ = {
			isa = PBXShellScriptBuildPhase;
			buildActionMask = 2147483647;
			files = (
			);
			inputPaths = (
			);
			name = "[CP] Copy Pods Resources";
			outputPaths = (
			);
			runOnlyForDeploymentPostprocessing = 0;
			shellPath = /bin/sh;
			shellScript = "\"${SRCROOT}/Pods/Target Support Files/Pods-AlbumFolksFetcherUITests/Pods-AlbumFolksFetcherUITests-resources.sh\"\n";
			showEnvVarsInLog = 0;
		};
		C8DE21AA4DC056242C619A5A /* [CP] Embed Pods Frameworks */ = {
			isa = PBXShellScriptBuildPhase;
			buildActionMask = 2147483647;
			files = (
			);
			inputPaths = (
			);
			name = "[CP] Embed Pods Frameworks";
			outputPaths = (
			);
			runOnlyForDeploymentPostprocessing = 0;
			shellPath = /bin/sh;
			shellScript = "\"${SRCROOT}/Pods/Target Support Files/Pods-AlbumFolksFetcherUITests/Pods-AlbumFolksFetcherUITests-frameworks.sh\"\n";
			showEnvVarsInLog = 0;
		};
		EC2B790DD75D221329C221DA /* [CP] Embed Pods Frameworks */ = {
			isa = PBXShellScriptBuildPhase;
			buildActionMask = 2147483647;
			files = (
			);
			inputPaths = (
				"${SRCROOT}/Pods/Target Support Files/Pods-AlbumFolks/Pods-AlbumFolks-frameworks.sh",
				"${BUILT_PRODUCTS_DIR}/Alamofire/Alamofire.framework",
				"${BUILT_PRODUCTS_DIR}/AlamofireImage/AlamofireImage.framework",
				"${BUILT_PRODUCTS_DIR}/AlamofireObjectMapper/AlamofireObjectMapper.framework",
				"${BUILT_PRODUCTS_DIR}/ObjectMapper/ObjectMapper.framework",
				"${BUILT_PRODUCTS_DIR}/PopupDialog/PopupDialog.framework",
			);
			name = "[CP] Embed Pods Frameworks";
			outputPaths = (
				"${TARGET_BUILD_DIR}/${FRAMEWORKS_FOLDER_PATH}/Alamofire.framework",
				"${TARGET_BUILD_DIR}/${FRAMEWORKS_FOLDER_PATH}/AlamofireImage.framework",
				"${TARGET_BUILD_DIR}/${FRAMEWORKS_FOLDER_PATH}/AlamofireObjectMapper.framework",
				"${TARGET_BUILD_DIR}/${FRAMEWORKS_FOLDER_PATH}/ObjectMapper.framework",
				"${TARGET_BUILD_DIR}/${FRAMEWORKS_FOLDER_PATH}/PopupDialog.framework",
			);
			runOnlyForDeploymentPostprocessing = 0;
			shellPath = /bin/sh;
			shellScript = "\"${SRCROOT}/Pods/Target Support Files/Pods-AlbumFolks/Pods-AlbumFolks-frameworks.sh\"\n";
			showEnvVarsInLog = 0;
		};
		ED4F1CFDB9E533D7D2076BE7 /* [CP] Check Pods Manifest.lock */ = {
			isa = PBXShellScriptBuildPhase;
			buildActionMask = 2147483647;
			files = (
			);
			inputPaths = (
				"${PODS_PODFILE_DIR_PATH}/Podfile.lock",
				"${PODS_ROOT}/Manifest.lock",
			);
			name = "[CP] Check Pods Manifest.lock";
			outputPaths = (
				"$(DERIVED_FILE_DIR)/Pods-AlbumFolks-checkManifestLockResult.txt",
			);
			runOnlyForDeploymentPostprocessing = 0;
			shellPath = /bin/sh;
			shellScript = "diff \"${PODS_PODFILE_DIR_PATH}/Podfile.lock\" \"${PODS_ROOT}/Manifest.lock\" > /dev/null\nif [ $? != 0 ] ; then\n    # print error to STDERR\n    echo \"error: The sandbox is not in sync with the Podfile.lock. Run 'pod install' or update your CocoaPods installation.\" >&2\n    exit 1\nfi\n# This output is used by Xcode 'outputs' to avoid re-running this script phase.\necho \"SUCCESS\" > \"${SCRIPT_OUTPUT_FILE_0}\"\n";
			showEnvVarsInLog = 0;
		};
/* End PBXShellScriptBuildPhase section */

/* Begin PBXSourcesBuildPhase section */
		D05A0366205031E80017BB6F /* Sources */ = {
			isa = PBXSourcesBuildPhase;
			buildActionMask = 2147483647;
			files = (
				D05A037D205032BE0017BB6F /* AlbumVCEntryPointTests.swift in Sources */,
				D05A037B205032940017BB6F /* DeserializeHelpers.swift in Sources */,
			);
			runOnlyForDeploymentPostprocessing = 0;
		};
		D05EB326202345DC00DC1D34 /* Sources */ = {
			isa = PBXSourcesBuildPhase;
			buildActionMask = 2147483647;
			files = (
				173313512029CC2B00AF34F1 /* GenericHelpers.swift in Sources */,
				D0FA97542024E91000C75C50 /* AlbumDetail.swift in Sources */,
				D0FA975B2025CC4800C75C50 /* String.swift in Sources */,
				178D51A1202BB201004579B9 /* ImageFileUtils.swift in Sources */,
				D02D3F8220441A8400B18C97 /* AlbumHeaderCell.swift in Sources */,
				D0FA974E2024D67D00C75C50 /* ArtistAlbumsVC.swift in Sources */,
				D05EB330202345DC00DC1D34 /* StoredAlbumsVC.swift in Sources */,
				1774B1FD20277D780060BB71 /* CoreNetwork.swift in Sources */,
				1774B20A2027C55F0060BB71 /* Constants.swift in Sources */,
				178D519F202BAEFC004579B9 /* FileUtils.swift in Sources */,
				173313532029CDCA00AF34F1 /* TrackCell.swift in Sources */,
				177E5350202BD0FA00218AB0 /* ArtistPopulator.swift in Sources */,
				174F8BB22038D67F0030A76B /* TrackViewPopulator.swift in Sources */,
				D0FA975D2025DAE600C75C50 /* AlbumVC.swift in Sources */,
				174F8BB02038D66A0030A76B /* AlbumViewPopulator.swift in Sources */,
				D0FA975F2025E11400C75C50 /* AlbumVcHeaderView.swift in Sources */,
				1774B2042027BEDC0060BB71 /* LastFmImage.swift in Sources */,
				1774B1FF202791360060BB71 /* AlertDialog.swift in Sources */,
				D0FA97692026326C00C75C50 /* Album.swift in Sources */,
				D0FA97522024E8DE00C75C50 /* ArtistDetail.swift in Sources */,
				177E5358202D0D2600218AB0 /* UIScrollView+InfiniteScroll.m in Sources */,
				D0FA974C2024ABD900C75C50 /* ArtistCell.swift in Sources */,
				173A42CD20397D8F0082D1A2 /* UIScrollView.swift in Sources */,
				1774B2062027BEEB0060BB71 /* Tag.swift in Sources */,
				D0FA974A20248CD600C75C50 /* AlbumCell.swift in Sources */,
				D0FA97462024849A00C75C50 /* SearchArtistsVC.swift in Sources */,
				D05EB32E202345DC00DC1D34 /* AppDelegate.swift in Sources */,
				D0FA97592025129400C75C50 /* UILabel.swift in Sources */,
				D0FA976B202632AC00C75C50 /* Artist.swift in Sources */,
				1774B20C2028B6070060BB71 /* PaginatedArtists.swift in Sources */,
				D0FA97562024F40200C75C50 /* ArtistInfoHeaderCell.swift in Sources */,
				D0FA976420262A0900C75C50 /* LoadingAnimation.swift in Sources */,
				1774B2012027BB410060BB71 /* Track.swift in Sources */,
			);
			runOnlyForDeploymentPostprocessing = 0;
		};
		D05EB348202345DC00DC1D34 /* Sources */ = {
			isa = PBXSourcesBuildPhase;
			buildActionMask = 2147483647;
			files = (
				A09D9AC5204FF47E006E424E /* XCUIElement+Text.swift in Sources */,
				A09D9AC1204FEDE4006E424E /* LaunchAppTests.swift in Sources */,
				A09D9AC3204FEE02006E424E /* XCTestCase+Helpers.swift in Sources */,
				D05EB351202345DC00DC1D34 /* ActivateAppTests.swift in Sources */,
			);
			runOnlyForDeploymentPostprocessing = 0;
		};
/* End PBXSourcesBuildPhase section */

/* Begin PBXTargetDependency section */
		D05A0370205031E80017BB6F /* PBXTargetDependency */ = {
			isa = PBXTargetDependency;
			target = D05EB329202345DC00DC1D34 /* AlbumFolks */;
			targetProxy = D05A036F205031E80017BB6F /* PBXContainerItemProxy */;
		};
		D05EB34E202345DC00DC1D34 /* PBXTargetDependency */ = {
			isa = PBXTargetDependency;
			target = D05EB329202345DC00DC1D34 /* AlbumFolks */;
			targetProxy = D05EB34D202345DC00DC1D34 /* PBXContainerItemProxy */;
		};
/* End PBXTargetDependency section */

/* Begin PBXVariantGroup section */
		D05EB331202345DC00DC1D34 /* Main.storyboard */ = {
			isa = PBXVariantGroup;
			children = (
				D05EB332202345DC00DC1D34 /* Base */,
			);
			name = Main.storyboard;
			sourceTree = "<group>";
		};
		D05EB339202345DC00DC1D34 /* LaunchScreen.storyboard */ = {
			isa = PBXVariantGroup;
			children = (
				D05EB33A202345DC00DC1D34 /* Base */,
			);
			name = LaunchScreen.storyboard;
			sourceTree = "<group>";
		};
/* End PBXVariantGroup section */

/* Begin XCBuildConfiguration section */
		D05A0372205031E80017BB6F /* Debug */ = {
			isa = XCBuildConfiguration;
			baseConfigurationReference = 5CC7AB2C0F5DA21E4777633D /* Pods-AlbumFolksTests.debug.xcconfig */;
			buildSettings = {
				BUNDLE_LOADER = "$(TEST_HOST)";
				CODE_SIGN_STYLE = Automatic;
				DEVELOPMENT_TEAM = FD4QC3TPZN;
				INFOPLIST_FILE = AlbumFolksTests/Info.plist;
				IPHONEOS_DEPLOYMENT_TARGET = 11.2;
				LD_RUNPATH_SEARCH_PATHS = "$(inherited) @executable_path/Frameworks @loader_path/Frameworks";
				PRODUCT_BUNDLE_IDENTIFIER = com.carloscorreia.AlbumFolksTests;
				PRODUCT_NAME = "$(TARGET_NAME)";
				SWIFT_VERSION = 4.0;
				TARGETED_DEVICE_FAMILY = "1,2";
				TEST_HOST = "$(BUILT_PRODUCTS_DIR)/AlbumFolks.app/AlbumFolks";
			};
			name = Debug;
		};
		D05A0373205031E80017BB6F /* Release */ = {
			isa = XCBuildConfiguration;
			baseConfigurationReference = 5ECDD0B77FEB3B46436D1F92 /* Pods-AlbumFolksTests.release.xcconfig */;
			buildSettings = {
				BUNDLE_LOADER = "$(TEST_HOST)";
				CODE_SIGN_STYLE = Automatic;
				DEVELOPMENT_TEAM = FD4QC3TPZN;
				INFOPLIST_FILE = AlbumFolksTests/Info.plist;
				IPHONEOS_DEPLOYMENT_TARGET = 11.2;
				LD_RUNPATH_SEARCH_PATHS = "$(inherited) @executable_path/Frameworks @loader_path/Frameworks";
				PRODUCT_BUNDLE_IDENTIFIER = com.carloscorreia.AlbumFolksTests;
				PRODUCT_NAME = "$(TARGET_NAME)";
				SWIFT_VERSION = 4.0;
				TARGETED_DEVICE_FAMILY = "1,2";
				TEST_HOST = "$(BUILT_PRODUCTS_DIR)/AlbumFolks.app/AlbumFolks";
			};
			name = Release;
		};
		D05EB353202345DC00DC1D34 /* Debug */ = {
			isa = XCBuildConfiguration;
			buildSettings = {
				ALWAYS_SEARCH_USER_PATHS = NO;
				CLANG_ANALYZER_NONNULL = YES;
				CLANG_ANALYZER_NUMBER_OBJECT_CONVERSION = YES_AGGRESSIVE;
				CLANG_CXX_LANGUAGE_STANDARD = "gnu++14";
				CLANG_CXX_LIBRARY = "libc++";
				CLANG_ENABLE_MODULES = YES;
				CLANG_ENABLE_OBJC_ARC = YES;
				CLANG_WARN_BLOCK_CAPTURE_AUTORELEASING = YES;
				CLANG_WARN_BOOL_CONVERSION = YES;
				CLANG_WARN_COMMA = YES;
				CLANG_WARN_CONSTANT_CONVERSION = YES;
				CLANG_WARN_DIRECT_OBJC_ISA_USAGE = YES_ERROR;
				CLANG_WARN_DOCUMENTATION_COMMENTS = YES;
				CLANG_WARN_EMPTY_BODY = YES;
				CLANG_WARN_ENUM_CONVERSION = YES;
				CLANG_WARN_INFINITE_RECURSION = YES;
				CLANG_WARN_INT_CONVERSION = YES;
				CLANG_WARN_NON_LITERAL_NULL_CONVERSION = YES;
				CLANG_WARN_OBJC_LITERAL_CONVERSION = YES;
				CLANG_WARN_OBJC_ROOT_CLASS = YES_ERROR;
				CLANG_WARN_RANGE_LOOP_ANALYSIS = YES;
				CLANG_WARN_STRICT_PROTOTYPES = YES;
				CLANG_WARN_SUSPICIOUS_MOVE = YES;
				CLANG_WARN_UNGUARDED_AVAILABILITY = YES_AGGRESSIVE;
				CLANG_WARN_UNREACHABLE_CODE = YES;
				CLANG_WARN__DUPLICATE_METHOD_MATCH = YES;
				CODE_SIGN_IDENTITY = "iPhone Developer";
				COPY_PHASE_STRIP = NO;
				DEBUG_INFORMATION_FORMAT = dwarf;
				ENABLE_STRICT_OBJC_MSGSEND = YES;
				ENABLE_TESTABILITY = YES;
				GCC_C_LANGUAGE_STANDARD = gnu11;
				GCC_DYNAMIC_NO_PIC = NO;
				GCC_NO_COMMON_BLOCKS = YES;
				GCC_OPTIMIZATION_LEVEL = 0;
				GCC_PREPROCESSOR_DEFINITIONS = (
					"DEBUG=1",
					"$(inherited)",
				);
				GCC_WARN_64_TO_32_BIT_CONVERSION = YES;
				GCC_WARN_ABOUT_RETURN_TYPE = YES_ERROR;
				GCC_WARN_UNDECLARED_SELECTOR = YES;
				GCC_WARN_UNINITIALIZED_AUTOS = YES_AGGRESSIVE;
				GCC_WARN_UNUSED_FUNCTION = YES;
				GCC_WARN_UNUSED_VARIABLE = YES;
				IPHONEOS_DEPLOYMENT_TARGET = 9.0;
				MTL_ENABLE_DEBUG_INFO = YES;
				ONLY_ACTIVE_ARCH = YES;
				SDKROOT = iphoneos;
				SWIFT_ACTIVE_COMPILATION_CONDITIONS = DEBUG;
				SWIFT_OPTIMIZATION_LEVEL = "-Onone";
			};
			name = Debug;
		};
		D05EB354202345DC00DC1D34 /* Release */ = {
			isa = XCBuildConfiguration;
			buildSettings = {
				ALWAYS_SEARCH_USER_PATHS = NO;
				CLANG_ANALYZER_NONNULL = YES;
				CLANG_ANALYZER_NUMBER_OBJECT_CONVERSION = YES_AGGRESSIVE;
				CLANG_CXX_LANGUAGE_STANDARD = "gnu++14";
				CLANG_CXX_LIBRARY = "libc++";
				CLANG_ENABLE_MODULES = YES;
				CLANG_ENABLE_OBJC_ARC = YES;
				CLANG_WARN_BLOCK_CAPTURE_AUTORELEASING = YES;
				CLANG_WARN_BOOL_CONVERSION = YES;
				CLANG_WARN_COMMA = YES;
				CLANG_WARN_CONSTANT_CONVERSION = YES;
				CLANG_WARN_DIRECT_OBJC_ISA_USAGE = YES_ERROR;
				CLANG_WARN_DOCUMENTATION_COMMENTS = YES;
				CLANG_WARN_EMPTY_BODY = YES;
				CLANG_WARN_ENUM_CONVERSION = YES;
				CLANG_WARN_INFINITE_RECURSION = YES;
				CLANG_WARN_INT_CONVERSION = YES;
				CLANG_WARN_NON_LITERAL_NULL_CONVERSION = YES;
				CLANG_WARN_OBJC_LITERAL_CONVERSION = YES;
				CLANG_WARN_OBJC_ROOT_CLASS = YES_ERROR;
				CLANG_WARN_RANGE_LOOP_ANALYSIS = YES;
				CLANG_WARN_STRICT_PROTOTYPES = YES;
				CLANG_WARN_SUSPICIOUS_MOVE = YES;
				CLANG_WARN_UNGUARDED_AVAILABILITY = YES_AGGRESSIVE;
				CLANG_WARN_UNREACHABLE_CODE = YES;
				CLANG_WARN__DUPLICATE_METHOD_MATCH = YES;
				CODE_SIGN_IDENTITY = "iPhone Developer";
				COPY_PHASE_STRIP = NO;
				DEBUG_INFORMATION_FORMAT = "dwarf-with-dsym";
				ENABLE_NS_ASSERTIONS = NO;
				ENABLE_STRICT_OBJC_MSGSEND = YES;
				GCC_C_LANGUAGE_STANDARD = gnu11;
				GCC_NO_COMMON_BLOCKS = YES;
				GCC_WARN_64_TO_32_BIT_CONVERSION = YES;
				GCC_WARN_ABOUT_RETURN_TYPE = YES_ERROR;
				GCC_WARN_UNDECLARED_SELECTOR = YES;
				GCC_WARN_UNINITIALIZED_AUTOS = YES_AGGRESSIVE;
				GCC_WARN_UNUSED_FUNCTION = YES;
				GCC_WARN_UNUSED_VARIABLE = YES;
				IPHONEOS_DEPLOYMENT_TARGET = 9.0;
				MTL_ENABLE_DEBUG_INFO = NO;
				SDKROOT = iphoneos;
				SWIFT_OPTIMIZATION_LEVEL = "-Owholemodule";
				VALIDATE_PRODUCT = YES;
			};
			name = Release;
		};
		D05EB356202345DC00DC1D34 /* Debug */ = {
			isa = XCBuildConfiguration;
			baseConfigurationReference = A5CE61EC548C7672B33214F2 /* Pods-AlbumFolks.debug.xcconfig */;
			buildSettings = {
				ASSETCATALOG_COMPILER_APPICON_NAME = AppIcon;
				CLANG_ENABLE_MODULES = YES;
				"CODE_SIGN_IDENTITY[sdk=iphoneos*]" = "iPhone Developer";
				CODE_SIGN_STYLE = Automatic;
				DEVELOPMENT_TEAM = FD4QC3TPZN;
				INFOPLIST_FILE = AlbumFolks/Info.plist;
				LD_RUNPATH_SEARCH_PATHS = "$(inherited) @executable_path/Frameworks";
				PRODUCT_BUNDLE_IDENTIFIER = com.carlosmouracorreia.AlbumFolksFetcher;
				PRODUCT_NAME = "$(TARGET_NAME)";
				PROVISIONING_PROFILE_SPECIFIER = "";
				SWIFT_OBJC_BRIDGING_HEADER = "AlbumFolks/external/AlbumFolks-Bridging-Header.h";
				SWIFT_OPTIMIZATION_LEVEL = "-Onone";
				SWIFT_VERSION = 4.0;
				TARGETED_DEVICE_FAMILY = 1;
			};
			name = Debug;
		};
		D05EB357202345DC00DC1D34 /* Release */ = {
			isa = XCBuildConfiguration;
			baseConfigurationReference = 1B3A8F6DCF78B6F5B0CCC8A3 /* Pods-AlbumFolks.release.xcconfig */;
			buildSettings = {
				ASSETCATALOG_COMPILER_APPICON_NAME = AppIcon;
				CLANG_ENABLE_MODULES = YES;
				"CODE_SIGN_IDENTITY[sdk=iphoneos*]" = "iPhone Developer";
				CODE_SIGN_STYLE = Automatic;
				DEVELOPMENT_TEAM = FD4QC3TPZN;
				INFOPLIST_FILE = AlbumFolks/Info.plist;
				LD_RUNPATH_SEARCH_PATHS = "$(inherited) @executable_path/Frameworks";
				PRODUCT_BUNDLE_IDENTIFIER = com.carlosmouracorreia.AlbumFolksFetcher;
				PRODUCT_NAME = "$(TARGET_NAME)";
				PROVISIONING_PROFILE_SPECIFIER = "";
				SWIFT_OBJC_BRIDGING_HEADER = "AlbumFolks/external/AlbumFolks-Bridging-Header.h";
				SWIFT_VERSION = 4.0;
				TARGETED_DEVICE_FAMILY = 1;
			};
			name = Release;
		};
		D05EB35C202345DC00DC1D34 /* Debug */ = {
			isa = XCBuildConfiguration;
			baseConfigurationReference = B918F31880C034E38DA467F1 /* Pods-AlbumFolksFetcherUITests.debug.xcconfig */;
			buildSettings = {
				ALWAYS_EMBED_SWIFT_STANDARD_LIBRARIES = YES;
				CODE_SIGN_STYLE = Automatic;
				DEVELOPMENT_TEAM = FD4QC3TPZN;
				INFOPLIST_FILE = AlbumFolksUITests/Info.plist;
				LD_RUNPATH_SEARCH_PATHS = "$(inherited) @executable_path/Frameworks @loader_path/Frameworks";
				PRODUCT_BUNDLE_IDENTIFIER = com.carlosmouracorreia.AlbumFolksFetcherUITests;
				PRODUCT_NAME = "$(TARGET_NAME)";
				SWIFT_VERSION = 4.0;
				TARGETED_DEVICE_FAMILY = "1,2";
				TEST_TARGET_NAME = AlbumFolks;
			};
			name = Debug;
		};
		D05EB35D202345DC00DC1D34 /* Release */ = {
			isa = XCBuildConfiguration;
			baseConfigurationReference = 03EF6B83AA03EE00841A2928 /* Pods-AlbumFolksFetcherUITests.release.xcconfig */;
			buildSettings = {
				ALWAYS_EMBED_SWIFT_STANDARD_LIBRARIES = YES;
				CODE_SIGN_STYLE = Automatic;
				DEVELOPMENT_TEAM = FD4QC3TPZN;
				INFOPLIST_FILE = AlbumFolksUITests/Info.plist;
				LD_RUNPATH_SEARCH_PATHS = "$(inherited) @executable_path/Frameworks @loader_path/Frameworks";
				PRODUCT_BUNDLE_IDENTIFIER = com.carlosmouracorreia.AlbumFolksFetcherUITests;
				PRODUCT_NAME = "$(TARGET_NAME)";
				SWIFT_VERSION = 4.0;
				TARGETED_DEVICE_FAMILY = "1,2";
				TEST_TARGET_NAME = AlbumFolks;
			};
			name = Release;
		};
/* End XCBuildConfiguration section */

/* Begin XCConfigurationList section */
		D05A0371205031E80017BB6F /* Build configuration list for PBXNativeTarget "AlbumFolksTests" */ = {
			isa = XCConfigurationList;
			buildConfigurations = (
				D05A0372205031E80017BB6F /* Debug */,
				D05A0373205031E80017BB6F /* Release */,
			);
			defaultConfigurationIsVisible = 0;
			defaultConfigurationName = Release;
		};
		D05EB325202345DC00DC1D34 /* Build configuration list for PBXProject "AlbumFolks" */ = {
			isa = XCConfigurationList;
			buildConfigurations = (
				D05EB353202345DC00DC1D34 /* Debug */,
				D05EB354202345DC00DC1D34 /* Release */,
			);
			defaultConfigurationIsVisible = 0;
			defaultConfigurationName = Release;
		};
		D05EB355202345DC00DC1D34 /* Build configuration list for PBXNativeTarget "AlbumFolks" */ = {
			isa = XCConfigurationList;
			buildConfigurations = (
				D05EB356202345DC00DC1D34 /* Debug */,
				D05EB357202345DC00DC1D34 /* Release */,
			);
			defaultConfigurationIsVisible = 0;
			defaultConfigurationName = Release;
		};
		D05EB35B202345DC00DC1D34 /* Build configuration list for PBXNativeTarget "AlbumFolksFetcherUITests" */ = {
			isa = XCConfigurationList;
			buildConfigurations = (
				D05EB35C202345DC00DC1D34 /* Debug */,
				D05EB35D202345DC00DC1D34 /* Release */,
			);
			defaultConfigurationIsVisible = 0;
			defaultConfigurationName = Release;
		};
/* End XCConfigurationList section */
	};
	rootObject = D05EB322202345DC00DC1D34 /* Project object */;
}
